
Microsoft Visual Studio Solution File, Format Version 12.00
# Visual Studio Version 17
VisualStudioVersion = 17.2.32630.192
MinimumVisualStudioVersion = 10.0.40219.1
Project("{9A19103F-16F7-4668-BE54-9A1E7A4F7556}") = "TrackerLibrary", "TrackerLibrary\TrackerLibrary.csproj", "{D6A4089A-1492-49D2-98B0-FC8E1CFBBD37}"
EndProject
Project("{FAE04EC0-301F-11D3-BF4B-00C04F79EFBC}") = "TrackerUI", "TrackerUI\TrackerUI.csproj", "{CF744BC8-DEC2-4B7C-98A8-3CA30D3A695F}"
EndProject
Global
	GlobalSection(SolutionConfigurationPlatforms) = preSolution
		Debug|Any CPU = Debug|Any CPU
		Release|Any CPU = Release|Any CPU
	EndGlobalSection
	GlobalSection(ProjectConfigurationPlatforms) = postSolution
		{D6A4089A-1492-49D2-98B0-FC8E1CFBBD37}.Debug|Any CPU.ActiveCfg = Debug|Any CPU
		{D6A4089A-1492-49D2-98B0-FC8E1CFBBD37}.Debug|Any CPU.Build.0 = Debug|Any CPU
		{D6A4089A-1492-49D2-98B0-FC8E1CFBBD37}.Release|Any CPU.ActiveCfg = Release|Any CPU
		{D6A4089A-1492-49D2-98B0-FC8E1CFBBD37}.Release|Any CPU.Build.0 = Release|Any CPU
		{CF744BC8-DEC2-4B7C-98A8-3CA30D3A695F}.Debug|Any CPU.ActiveCfg = Debug|Any CPU
		{CF744BC8-DEC2-4B7C-98A8-3CA30D3A695F}.Debug|Any CPU.Build.0 = Debug|Any CPU
		{CF744BC8-DEC2-4B7C-98A8-3CA30D3A695F}.Release|Any CPU.ActiveCfg = Release|Any CPU
		{CF744BC8-DEC2-4B7C-98A8-3CA30D3A695F}.Release|Any CPU.Build.0 = Release|Any CPU
	EndGlobalSection
	GlobalSection(SolutionProperties) = preSolution
		HideSolutionNode = FALSE
	EndGlobalSection
	GlobalSection(ExtensibilityGlobals) = postSolution
		SolutionGuid = {1889D6EC-1F67-4BFF-B699-52EED5B4FD7A}
	EndGlobalSection
EndGlobal
